// !$*UTF8*$!
{
	archiveVersion = 1;
	classes = {
	};
	objectVersion = 55;
	objects = {

/* Begin PBXBuildFile section */
		09B1ECB6C4E1AC6515C07496 /* Pods_UnitTest_UnitTestUITests.framework in Frameworks */ = {isa = PBXBuildFile; fileRef = 40EC7065C9A1524C1EC8D39F /* Pods_UnitTest_UnitTestUITests.framework */; };
		1AC797CF6971C2C598B764FD /* Pods_UnitTestTests.framework in Frameworks */ = {isa = PBXBuildFile; fileRef = E66AE42C51F2EFBA6EF71251 /* Pods_UnitTestTests.framework */; };
		337E68664C50D1063B827FA9 /* Pods_UnitTest.framework in Frameworks */ = {isa = PBXBuildFile; fileRef = 7C95802D88A9FF06699D201A /* Pods_UnitTest.framework */; };
		84E4867C28FF014900C0A82D /* AppDelegate.swift in Sources */ = {isa = PBXBuildFile; fileRef = 84E4867B28FF014900C0A82D /* AppDelegate.swift */; };
		84E4867E28FF014900C0A82D /* SceneDelegate.swift in Sources */ = {isa = PBXBuildFile; fileRef = 84E4867D28FF014900C0A82D /* SceneDelegate.swift */; };
		84E4868028FF014900C0A82D /* ViewController.swift in Sources */ = {isa = PBXBuildFile; fileRef = 84E4867F28FF014900C0A82D /* ViewController.swift */; };
		84E4868328FF014900C0A82D /* Main.storyboard in Resources */ = {isa = PBXBuildFile; fileRef = 84E4868128FF014900C0A82D /* Main.storyboard */; };
		84E4868528FF014A00C0A82D /* Assets.xcassets in Resources */ = {isa = PBXBuildFile; fileRef = 84E4868428FF014A00C0A82D /* Assets.xcassets */; };
		84E4868828FF014A00C0A82D /* LaunchScreen.storyboard in Resources */ = {isa = PBXBuildFile; fileRef = 84E4868628FF014A00C0A82D /* LaunchScreen.storyboard */; };
		84E4869328FF014A00C0A82D /* UnitTestTests.swift in Sources */ = {isa = PBXBuildFile; fileRef = 84E4869228FF014A00C0A82D /* UnitTestTests.swift */; };
		84E4869D28FF014A00C0A82D /* UnitTestUITests.swift in Sources */ = {isa = PBXBuildFile; fileRef = 84E4869C28FF014A00C0A82D /* UnitTestUITests.swift */; };
		84E4869F28FF014A00C0A82D /* UnitTestUITestsLaunchTests.swift in Sources */ = {isa = PBXBuildFile; fileRef = 84E4869E28FF014A00C0A82D /* UnitTestUITestsLaunchTests.swift */; };
		84E486AC28FF01B600C0A82D /* MathematicFunc.swift in Sources */ = {isa = PBXBuildFile; fileRef = 84E486AB28FF01B600C0A82D /* MathematicFunc.swift */; };
/* End PBXBuildFile section */

/* Begin PBXContainerItemProxy section */
		84E4868F28FF014A00C0A82D /* PBXContainerItemProxy */ = {
			isa = PBXContainerItemProxy;
			containerPortal = 84E4867028FF014900C0A82D /* Project object */;
			proxyType = 1;
			remoteGlobalIDString = 84E4867728FF014900C0A82D;
			remoteInfo = UnitTest;
		};
		84E4869928FF014A00C0A82D /* PBXContainerItemProxy */ = {
			isa = PBXContainerItemProxy;
			containerPortal = 84E4867028FF014900C0A82D /* Project object */;
			proxyType = 1;
			remoteGlobalIDString = 84E4867728FF014900C0A82D;
			remoteInfo = UnitTest;
		};
/* End PBXContainerItemProxy section */

/* Begin PBXFileReference section */
		1F513C2520ECBC50D236AA63 /* Pods-UnitTestTests.release.xcconfig */ = {isa = PBXFileReference; includeInIndex = 1; lastKnownFileType = text.xcconfig; name = "Pods-UnitTestTests.release.xcconfig"; path = "Target Support Files/Pods-UnitTestTests/Pods-UnitTestTests.release.xcconfig"; sourceTree = "<group>"; };
		3C6FDA63901476233D3B1DFC /* Pods-UnitTest-UnitTestUITests.debug.xcconfig */ = {isa = PBXFileReference; includeInIndex = 1; lastKnownFileType = text.xcconfig; name = "Pods-UnitTest-UnitTestUITests.debug.xcconfig"; path = "Target Support Files/Pods-UnitTest-UnitTestUITests/Pods-UnitTest-UnitTestUITests.debug.xcconfig"; sourceTree = "<group>"; };
		40EC7065C9A1524C1EC8D39F /* Pods_UnitTest_UnitTestUITests.framework */ = {isa = PBXFileReference; explicitFileType = wrapper.framework; includeInIndex = 0; path = Pods_UnitTest_UnitTestUITests.framework; sourceTree = BUILT_PRODUCTS_DIR; };
		7BDC11C123E85B3CA27CA7BE /* Pods-UnitTest-UnitTestUITests.release.xcconfig */ = {isa = PBXFileReference; includeInIndex = 1; lastKnownFileType = text.xcconfig; name = "Pods-UnitTest-UnitTestUITests.release.xcconfig"; path = "Target Support Files/Pods-UnitTest-UnitTestUITests/Pods-UnitTest-UnitTestUITests.release.xcconfig"; sourceTree = "<group>"; };
		7C95802D88A9FF06699D201A /* Pods_UnitTest.framework */ = {isa = PBXFileReference; explicitFileType = wrapper.framework; includeInIndex = 0; path = Pods_UnitTest.framework; sourceTree = BUILT_PRODUCTS_DIR; };
		84E4867828FF014900C0A82D /* UnitTest.app */ = {isa = PBXFileReference; explicitFileType = wrapper.application; includeInIndex = 0; path = UnitTest.app; sourceTree = BUILT_PRODUCTS_DIR; };
		84E4867B28FF014900C0A82D /* AppDelegate.swift */ = {isa = PBXFileReference; lastKnownFileType = sourcecode.swift; path = AppDelegate.swift; sourceTree = "<group>"; };
		84E4867D28FF014900C0A82D /* SceneDelegate.swift */ = {isa = PBXFileReference; lastKnownFileType = sourcecode.swift; path = SceneDelegate.swift; sourceTree = "<group>"; };
		84E4867F28FF014900C0A82D /* ViewController.swift */ = {isa = PBXFileReference; lastKnownFileType = sourcecode.swift; path = ViewController.swift; sourceTree = "<group>"; };
		84E4868228FF014900C0A82D /* Base */ = {isa = PBXFileReference; lastKnownFileType = file.storyboard; name = Base; path = Base.lproj/Main.storyboard; sourceTree = "<group>"; };
		84E4868428FF014A00C0A82D /* Assets.xcassets */ = {isa = PBXFileReference; lastKnownFileType = folder.assetcatalog; path = Assets.xcassets; sourceTree = "<group>"; };
		84E4868728FF014A00C0A82D /* Base */ = {isa = PBXFileReference; lastKnownFileType = file.storyboard; name = Base; path = Base.lproj/LaunchScreen.storyboard; sourceTree = "<group>"; };
		84E4868928FF014A00C0A82D /* Info.plist */ = {isa = PBXFileReference; lastKnownFileType = text.plist.xml; path = Info.plist; sourceTree = "<group>"; };
		84E4868E28FF014A00C0A82D /* UnitTestTests.xctest */ = {isa = PBXFileReference; explicitFileType = wrapper.cfbundle; includeInIndex = 0; path = UnitTestTests.xctest; sourceTree = BUILT_PRODUCTS_DIR; };
		84E4869228FF014A00C0A82D /* UnitTestTests.swift */ = {isa = PBXFileReference; lastKnownFileType = sourcecode.swift; path = UnitTestTests.swift; sourceTree = "<group>"; };
		84E4869828FF014A00C0A82D /* UnitTestUITests.xctest */ = {isa = PBXFileReference; explicitFileType = wrapper.cfbundle; includeInIndex = 0; path = UnitTestUITests.xctest; sourceTree = BUILT_PRODUCTS_DIR; };
		84E4869C28FF014A00C0A82D /* UnitTestUITests.swift */ = {isa = PBXFileReference; lastKnownFileType = sourcecode.swift; path = UnitTestUITests.swift; sourceTree = "<group>"; };
		84E4869E28FF014A00C0A82D /* UnitTestUITestsLaunchTests.swift */ = {isa = PBXFileReference; lastKnownFileType = sourcecode.swift; path = UnitTestUITestsLaunchTests.swift; sourceTree = "<group>"; };
		84E486AB28FF01B600C0A82D /* MathematicFunc.swift */ = {isa = PBXFileReference; lastKnownFileType = sourcecode.swift; path = MathematicFunc.swift; sourceTree = "<group>"; };
		8C50478D2523834EA95B2260 /* Pods-UnitTest.debug.xcconfig */ = {isa = PBXFileReference; includeInIndex = 1; lastKnownFileType = text.xcconfig; name = "Pods-UnitTest.debug.xcconfig"; path = "Target Support Files/Pods-UnitTest/Pods-UnitTest.debug.xcconfig"; sourceTree = "<group>"; };
		A26B90F1E76EE8827A171FF8 /* Pods-UnitTest.release.xcconfig */ = {isa = PBXFileReference; includeInIndex = 1; lastKnownFileType = text.xcconfig; name = "Pods-UnitTest.release.xcconfig"; path = "Target Support Files/Pods-UnitTest/Pods-UnitTest.release.xcconfig"; sourceTree = "<group>"; };
		E2431B284724C6F35784E780 /* Pods-UnitTestTests.debug.xcconfig */ = {isa = PBXFileReference; includeInIndex = 1; lastKnownFileType = text.xcconfig; name = "Pods-UnitTestTests.debug.xcconfig"; path = "Target Support Files/Pods-UnitTestTests/Pods-UnitTestTests.debug.xcconfig"; sourceTree = "<group>"; };
		E66AE42C51F2EFBA6EF71251 /* Pods_UnitTestTests.framework */ = {isa = PBXFileReference; explicitFileType = wrapper.framework; includeInIndex = 0; path = Pods_UnitTestTests.framework; sourceTree = BUILT_PRODUCTS_DIR; };
/* End PBXFileReference section */

/* Begin PBXFrameworksBuildPhase section */
		84E4867528FF014900C0A82D /* Frameworks */ = {
			isa = PBXFrameworksBuildPhase;
			buildActionMask = 2147483647;
			files = (
				337E68664C50D1063B827FA9 /* Pods_UnitTest.framework in Frameworks */,
			);
			runOnlyForDeploymentPostprocessing = 0;
		};
		84E4868B28FF014A00C0A82D /* Frameworks */ = {
			isa = PBXFrameworksBuildPhase;
			buildActionMask = 2147483647;
			files = (
				1AC797CF6971C2C598B764FD /* Pods_UnitTestTests.framework in Frameworks */,
			);
			runOnlyForDeploymentPostprocessing = 0;
		};
		84E4869528FF014A00C0A82D /* Frameworks */ = {
			isa = PBXFrameworksBuildPhase;
			buildActionMask = 2147483647;
			files = (
				09B1ECB6C4E1AC6515C07496 /* Pods_UnitTest_UnitTestUITests.framework in Frameworks */,
			);
			runOnlyForDeploymentPostprocessing = 0;
		};
/* End PBXFrameworksBuildPhase section */

/* Begin PBXGroup section */
		84E4866F28FF014900C0A82D = {
			isa = PBXGroup;
			children = (
				84E4867A28FF014900C0A82D /* UnitTest */,
				84E4869128FF014A00C0A82D /* UnitTestTests */,
				84E4869B28FF014A00C0A82D /* UnitTestUITests */,
				84E4867928FF014900C0A82D /* Products */,
				B41909040747A3173F0A6D11 /* Pods */,
				D17E6BAC6530F61F6FEDAAD1 /* Frameworks */,
			);
			sourceTree = "<group>";
		};
		84E4867928FF014900C0A82D /* Products */ = {
			isa = PBXGroup;
			children = (
				84E4867828FF014900C0A82D /* UnitTest.app */,
				84E4868E28FF014A00C0A82D /* UnitTestTests.xctest */,
				84E4869828FF014A00C0A82D /* UnitTestUITests.xctest */,
			);
			name = Products;
			sourceTree = "<group>";
		};
		84E4867A28FF014900C0A82D /* UnitTest */ = {
			isa = PBXGroup;
			children = (
				84E4867B28FF014900C0A82D /* AppDelegate.swift */,
				84E4867D28FF014900C0A82D /* SceneDelegate.swift */,
				84E4867F28FF014900C0A82D /* ViewController.swift */,
				84E486AB28FF01B600C0A82D /* MathematicFunc.swift */,
				84E4868128FF014900C0A82D /* Main.storyboard */,
				84E4868428FF014A00C0A82D /* Assets.xcassets */,
				84E4868628FF014A00C0A82D /* LaunchScreen.storyboard */,
				84E4868928FF014A00C0A82D /* Info.plist */,
			);
			path = UnitTest;
			sourceTree = "<group>";
		};
		84E4869128FF014A00C0A82D /* UnitTestTests */ = {
			isa = PBXGroup;
			children = (
				84E4869228FF014A00C0A82D /* UnitTestTests.swift */,
			);
			path = UnitTestTests;
			sourceTree = "<group>";
		};
		84E4869B28FF014A00C0A82D /* UnitTestUITests */ = {
			isa = PBXGroup;
			children = (
				84E4869C28FF014A00C0A82D /* UnitTestUITests.swift */,
				84E4869E28FF014A00C0A82D /* UnitTestUITestsLaunchTests.swift */,
			);
			path = UnitTestUITests;
			sourceTree = "<group>";
		};
		B41909040747A3173F0A6D11 /* Pods */ = {
			isa = PBXGroup;
			children = (
				8C50478D2523834EA95B2260 /* Pods-UnitTest.debug.xcconfig */,
				A26B90F1E76EE8827A171FF8 /* Pods-UnitTest.release.xcconfig */,
				3C6FDA63901476233D3B1DFC /* Pods-UnitTest-UnitTestUITests.debug.xcconfig */,
				7BDC11C123E85B3CA27CA7BE /* Pods-UnitTest-UnitTestUITests.release.xcconfig */,
				E2431B284724C6F35784E780 /* Pods-UnitTestTests.debug.xcconfig */,
				1F513C2520ECBC50D236AA63 /* Pods-UnitTestTests.release.xcconfig */,
			);
			name = Pods;
			path = Pods;
			sourceTree = "<group>";
		};
		D17E6BAC6530F61F6FEDAAD1 /* Frameworks */ = {
			isa = PBXGroup;
			children = (
				7C95802D88A9FF06699D201A /* Pods_UnitTest.framework */,
				40EC7065C9A1524C1EC8D39F /* Pods_UnitTest_UnitTestUITests.framework */,
				E66AE42C51F2EFBA6EF71251 /* Pods_UnitTestTests.framework */,
			);
			name = Frameworks;
			sourceTree = "<group>";
		};
/* End PBXGroup section */

/* Begin PBXNativeTarget section */
		84E4867728FF014900C0A82D /* UnitTest */ = {
			isa = PBXNativeTarget;
			buildConfigurationList = 84E486A228FF014A00C0A82D /* Build configuration list for PBXNativeTarget "UnitTest" */;
			buildPhases = (
				BCF1F7F9BBD5F613DF63CCC3 /* [CP] Check Pods Manifest.lock */,
				84E4867428FF014900C0A82D /* Sources */,
				84E4867528FF014900C0A82D /* Frameworks */,
				84E4867628FF014900C0A82D /* Resources */,
				66D9BACD0FAF272E62D0DDF8 /* [CP] Embed Pods Frameworks */,
			);
			buildRules = (
			);
			dependencies = (
			);
			name = UnitTest;
			productName = UnitTest;
			productReference = 84E4867828FF014900C0A82D /* UnitTest.app */;
			productType = "com.apple.product-type.application";
		};
		84E4868D28FF014A00C0A82D /* UnitTestTests */ = {
			isa = PBXNativeTarget;
			buildConfigurationList = 84E486A528FF014A00C0A82D /* Build configuration list for PBXNativeTarget "UnitTestTests" */;
			buildPhases = (
				D69FEC8F712CCD8FFC3512B3 /* [CP] Check Pods Manifest.lock */,
				84E4868A28FF014A00C0A82D /* Sources */,
				84E4868B28FF014A00C0A82D /* Frameworks */,
				84E4868C28FF014A00C0A82D /* Resources */,
			);
			buildRules = (
			);
			dependencies = (
				84E4869028FF014A00C0A82D /* PBXTargetDependency */,
			);
			name = UnitTestTests;
			productName = UnitTestTests;
			productReference = 84E4868E28FF014A00C0A82D /* UnitTestTests.xctest */;
			productType = "com.apple.product-type.bundle.unit-test";
		};
		84E4869728FF014A00C0A82D /* UnitTestUITests */ = {
			isa = PBXNativeTarget;
			buildConfigurationList = 84E486A828FF014A00C0A82D /* Build configuration list for PBXNativeTarget "UnitTestUITests" */;
			buildPhases = (
				E637E0E54BC20C09F5C7AF38 /* [CP] Check Pods Manifest.lock */,
				84E4869428FF014A00C0A82D /* Sources */,
				84E4869528FF014A00C0A82D /* Frameworks */,
				84E4869628FF014A00C0A82D /* Resources */,
				EDD3154E76452AE4D038D101 /* [CP] Embed Pods Frameworks */,
			);
			buildRules = (
			);
			dependencies = (
				84E4869A28FF014A00C0A82D /* PBXTargetDependency */,
			);
			name = UnitTestUITests;
			productName = UnitTestUITests;
			productReference = 84E4869828FF014A00C0A82D /* UnitTestUITests.xctest */;
			productType = "com.apple.product-type.bundle.ui-testing";
		};
/* End PBXNativeTarget section */

/* Begin PBXProject section */
		84E4867028FF014900C0A82D /* Project object */ = {
			isa = PBXProject;
			attributes = {
				BuildIndependentTargetsInParallel = 1;
				LastSwiftUpdateCheck = 1340;
				LastUpgradeCheck = 1340;
				TargetAttributes = {
					84E4867728FF014900C0A82D = {
						CreatedOnToolsVersion = 13.4.1;
					};
					84E4868D28FF014A00C0A82D = {
						CreatedOnToolsVersion = 13.4.1;
						TestTargetID = 84E4867728FF014900C0A82D;
					};
					84E4869728FF014A00C0A82D = {
						CreatedOnToolsVersion = 13.4.1;
						TestTargetID = 84E4867728FF014900C0A82D;
					};
				};
			};
			buildConfigurationList = 84E4867328FF014900C0A82D /* Build configuration list for PBXProject "UnitTest" */;
			compatibilityVersion = "Xcode 13.0";
			developmentRegion = en;
			hasScannedForEncodings = 0;
			knownRegions = (
				en,
				Base,
			);
			mainGroup = 84E4866F28FF014900C0A82D;
			productRefGroup = 84E4867928FF014900C0A82D /* Products */;
			projectDirPath = "";
			projectRoot = "";
			targets = (
				84E4867728FF014900C0A82D /* UnitTest */,
				84E4868D28FF014A00C0A82D /* UnitTestTests */,
				84E4869728FF014A00C0A82D /* UnitTestUITests */,
			);
		};
/* End PBXProject section */

/* Begin PBXResourcesBuildPhase section */
		84E4867628FF014900C0A82D /* Resources */ = {
			isa = PBXResourcesBuildPhase;
			buildActionMask = 2147483647;
			files = (
				84E4868828FF014A00C0A82D /* LaunchScreen.storyboard in Resources */,
				84E4868528FF014A00C0A82D /* Assets.xcassets in Resources */,
				84E4868328FF014900C0A82D /* Main.storyboard in Resources */,
			);
			runOnlyForDeploymentPostprocessing = 0;
		};
		84E4868C28FF014A00C0A82D /* Resources */ = {
			isa = PBXResourcesBuildPhase;
			buildActionMask = 2147483647;
			files = (
			);
			runOnlyForDeploymentPostprocessing = 0;
		};
		84E4869628FF014A00C0A82D /* Resources */ = {
			isa = PBXResourcesBuildPhase;
			buildActionMask = 2147483647;
			files = (
			);
			runOnlyForDeploymentPostprocessing = 0;
		};
/* End PBXResourcesBuildPhase section */

/* Begin PBXShellScriptBuildPhase section */
		66D9BACD0FAF272E62D0DDF8 /* [CP] Embed Pods Frameworks */ = {
			isa = PBXShellScriptBuildPhase;
			buildActionMask = 2147483647;
			files = (
			);
			inputFileListPaths = (
				"${PODS_ROOT}/Target Support Files/Pods-UnitTest/Pods-UnitTest-frameworks-${CONFIGURATION}-input-files.xcfilelist",
			);
			name = "[CP] Embed Pods Frameworks";
			outputFileListPaths = (
				"${PODS_ROOT}/Target Support Files/Pods-UnitTest/Pods-UnitTest-frameworks-${CONFIGURATION}-output-files.xcfilelist",
			);
			runOnlyForDeploymentPostprocessing = 0;
			shellPath = /bin/sh;
			shellScript = "\"${PODS_ROOT}/Target Support Files/Pods-UnitTest/Pods-UnitTest-frameworks.sh\"\n";
			showEnvVarsInLog = 0;
		};
		BCF1F7F9BBD5F613DF63CCC3 /* [CP] Check Pods Manifest.lock */ = {
			isa = PBXShellScriptBuildPhase;
			buildActionMask = 2147483647;
			files = (
			);
			inputFileListPaths = (
			);
			inputPaths = (
				"${PODS_PODFILE_DIR_PATH}/Podfile.lock",
				"${PODS_ROOT}/Manifest.lock",
			);
			name = "[CP] Check Pods Manifest.lock";
			outputFileListPaths = (
			);
			outputPaths = (
				"$(DERIVED_FILE_DIR)/Pods-UnitTest-checkManifestLockResult.txt",
			);
			runOnlyForDeploymentPostprocessing = 0;
			shellPath = /bin/sh;
			shellScript = "diff \"${PODS_PODFILE_DIR_PATH}/Podfile.lock\" \"${PODS_ROOT}/Manifest.lock\" > /dev/null\nif [ $? != 0 ] ; then\n    # print error to STDERR\n    echo \"error: The sandbox is not in sync with the Podfile.lock. Run 'pod install' or update your CocoaPods installation.\" >&2\n    exit 1\nfi\n# This output is used by Xcode 'outputs' to avoid re-running this script phase.\necho \"SUCCESS\" > \"${SCRIPT_OUTPUT_FILE_0}\"\n";
			showEnvVarsInLog = 0;
		};
		D69FEC8F712CCD8FFC3512B3 /* [CP] Check Pods Manifest.lock */ = {
			isa = PBXShellScriptBuildPhase;
			buildActionMask = 2147483647;
			files = (
			);
			inputFileListPaths = (
			);
			inputPaths = (
				"${PODS_PODFILE_DIR_PATH}/Podfile.lock",
				"${PODS_ROOT}/Manifest.lock",
			);
			name = "[CP] Check Pods Manifest.lock";
			outputFileListPaths = (
			);
			outputPaths = (
				"$(DERIVED_FILE_DIR)/Pods-UnitTestTests-checkManifestLockResult.txt",
			);
			runOnlyForDeploymentPostprocessing = 0;
			shellPath = /bin/sh;
			shellScript = "diff \"${PODS_PODFILE_DIR_PATH}/Podfile.lock\" \"${PODS_ROOT}/Manifest.lock\" > /dev/null\nif [ $? != 0 ] ; then\n    # print error to STDERR\n    echo \"error: The sandbox is not in sync with the Podfile.lock. Run 'pod install' or update your CocoaPods installation.\" >&2\n    exit 1\nfi\n# This output is used by Xcode 'outputs' to avoid re-running this script phase.\necho \"SUCCESS\" > \"${SCRIPT_OUTPUT_FILE_0}\"\n";
			showEnvVarsInLog = 0;
		};
		E637E0E54BC20C09F5C7AF38 /* [CP] Check Pods Manifest.lock */ = {
			isa = PBXShellScriptBuildPhase;
			buildActionMask = 2147483647;
			files = (
			);
			inputFileListPaths = (
			);
			inputPaths = (
				"${PODS_PODFILE_DIR_PATH}/Podfile.lock",
				"${PODS_ROOT}/Manifest.lock",
			);
			name = "[CP] Check Pods Manifest.lock";
			outputFileListPaths = (
			);
			outputPaths = (
				"$(DERIVED_FILE_DIR)/Pods-UnitTest-UnitTestUITests-checkManifestLockResult.txt",
			);
			runOnlyForDeploymentPostprocessing = 0;
			shellPath = /bin/sh;
			shellScript = "diff \"${PODS_PODFILE_DIR_PATH}/Podfile.lock\" \"${PODS_ROOT}/Manifest.lock\" > /dev/null\nif [ $? != 0 ] ; then\n    # print error to STDERR\n    echo \"error: The sandbox is not in sync with the Podfile.lock. Run 'pod install' or update your CocoaPods installation.\" >&2\n    exit 1\nfi\n# This output is used by Xcode 'outputs' to avoid re-running this script phase.\necho \"SUCCESS\" > \"${SCRIPT_OUTPUT_FILE_0}\"\n";
			showEnvVarsInLog = 0;
		};
		EDD3154E76452AE4D038D101 /* [CP] Embed Pods Frameworks */ = {
			isa = PBXShellScriptBuildPhase;
			buildActionMask = 2147483647;
			files = (
			);
			inputFileListPaths = (
				"${PODS_ROOT}/Target Support Files/Pods-UnitTest-UnitTestUITests/Pods-UnitTest-UnitTestUITests-frameworks-${CONFIGURATION}-input-files.xcfilelist",
			);
			name = "[CP] Embed Pods Frameworks";
			outputFileListPaths = (
				"${PODS_ROOT}/Target Support Files/Pods-UnitTest-UnitTestUITests/Pods-UnitTest-UnitTestUITests-frameworks-${CONFIGURATION}-output-files.xcfilelist",
			);
			runOnlyForDeploymentPostprocessing = 0;
			shellPath = /bin/sh;
			shellScript = "\"${PODS_ROOT}/Target Support Files/Pods-UnitTest-UnitTestUITests/Pods-UnitTest-UnitTestUITests-frameworks.sh\"\n";
			showEnvVarsInLog = 0;
		};
/* End PBXShellScriptBuildPhase section */

/* Begin PBXSourcesBuildPhase section */
		84E4867428FF014900C0A82D /* Sources */ = {
			isa = PBXSourcesBuildPhase;
			buildActionMask = 2147483647;
			files = (
				84E486AC28FF01B600C0A82D /* MathematicFunc.swift in Sources */,
				84E4868028FF014900C0A82D /* ViewController.swift in Sources */,
				84E4867C28FF014900C0A82D /* AppDelegate.swift in Sources */,
				84E4867E28FF014900C0A82D /* SceneDelegate.swift in Sources */,
			);
			runOnlyForDeploymentPostprocessing = 0;
		};
		84E4868A28FF014A00C0A82D /* Sources */ = {
			isa = PBXSourcesBuildPhase;
			buildActionMask = 2147483647;
			files = (
				84E4869328FF014A00C0A82D /* UnitTestTests.swift in Sources */,
			);
			runOnlyForDeploymentPostprocessing = 0;
		};
		84E4869428FF014A00C0A82D /* Sources */ = {
			isa = PBXSourcesBuildPhase;
			buildActionMask = 2147483647;
			files = (
				84E4869F28FF014A00C0A82D /* UnitTestUITestsLaunchTests.swift in Sources */,
				84E4869D28FF014A00C0A82D /* UnitTestUITests.swift in Sources */,
			);
			runOnlyForDeploymentPostprocessing = 0;
		};
/* End PBXSourcesBuildPhase section */

/* Begin PBXTargetDependency section */
		84E4869028FF014A00C0A82D /* PBXTargetDependency */ = {
			isa = PBXTargetDependency;
			target = 84E4867728FF014900C0A82D /* UnitTest */;
			targetProxy = 84E4868F28FF014A00C0A82D /* PBXContainerItemProxy */;
		};
		84E4869A28FF014A00C0A82D /* PBXTargetDependency */ = {
			isa = PBXTargetDependency;
			target = 84E4867728FF014900C0A82D /* UnitTest */;
			targetProxy = 84E4869928FF014A00C0A82D /* PBXContainerItemProxy */;
		};
/* End PBXTargetDependency section */

/* Begin PBXVariantGroup section */
		84E4868128FF014900C0A82D /* Main.storyboard */ = {
			isa = PBXVariantGroup;
			children = (
				84E4868228FF014900C0A82D /* Base */,
			);
			name = Main.storyboard;
			sourceTree = "<group>";
		};
		84E4868628FF014A00C0A82D /* LaunchScreen.storyboard */ = {
			isa = PBXVariantGroup;
			children = (
				84E4868728FF014A00C0A82D /* Base */,
			);
			name = LaunchScreen.storyboard;
			sourceTree = "<group>";
		};
/* End PBXVariantGroup section */

/* Begin XCBuildConfiguration section */
		84E486A028FF014A00C0A82D /* Debug */ = {
			isa = XCBuildConfiguration;
			buildSettings = {
				ALWAYS_SEARCH_USER_PATHS = NO;
				CLANG_ANALYZER_NONNULL = YES;
				CLANG_ANALYZER_NUMBER_OBJECT_CONVERSION = YES_AGGRESSIVE;
				CLANG_CXX_LANGUAGE_STANDARD = "gnu++17";
				CLANG_ENABLE_MODULES = YES;
				CLANG_ENABLE_OBJC_ARC = YES;
				CLANG_ENABLE_OBJC_WEAK = YES;
				CLANG_WARN_BLOCK_CAPTURE_AUTORELEASING = YES;
				CLANG_WARN_BOOL_CONVERSION = YES;
				CLANG_WARN_COMMA = YES;
				CLANG_WARN_CONSTANT_CONVERSION = YES;
				CLANG_WARN_DEPRECATED_OBJC_IMPLEMENTATIONS = YES;
				CLANG_WARN_DIRECT_OBJC_ISA_USAGE = YES_ERROR;
				CLANG_WARN_DOCUMENTATION_COMMENTS = YES;
				CLANG_WARN_EMPTY_BODY = YES;
				CLANG_WARN_ENUM_CONVERSION = YES;
				CLANG_WARN_INFINITE_RECURSION = YES;
				CLANG_WARN_INT_CONVERSION = YES;
				CLANG_WARN_NON_LITERAL_NULL_CONVERSION = YES;
				CLANG_WARN_OBJC_IMPLICIT_RETAIN_SELF = YES;
				CLANG_WARN_OBJC_LITERAL_CONVERSION = YES;
				CLANG_WARN_OBJC_ROOT_CLASS = YES_ERROR;
				CLANG_WARN_QUOTED_INCLUDE_IN_FRAMEWORK_HEADER = YES;
				CLANG_WARN_RANGE_LOOP_ANALYSIS = YES;
				CLANG_WARN_STRICT_PROTOTYPES = YES;
				CLANG_WARN_SUSPICIOUS_MOVE = YES;
				CLANG_WARN_UNGUARDED_AVAILABILITY = YES_AGGRESSIVE;
				CLANG_WARN_UNREACHABLE_CODE = YES;
				CLANG_WARN__DUPLICATE_METHOD_MATCH = YES;
				COPY_PHASE_STRIP = NO;
				DEBUG_INFORMATION_FORMAT = dwarf;
				ENABLE_STRICT_OBJC_MSGSEND = YES;
				ENABLE_TESTABILITY = YES;
				GCC_C_LANGUAGE_STANDARD = gnu11;
				GCC_DYNAMIC_NO_PIC = NO;
				GCC_NO_COMMON_BLOCKS = YES;
				GCC_OPTIMIZATION_LEVEL = 0;
				GCC_PREPROCESSOR_DEFINITIONS = (
					"DEBUG=1",
					"$(inherited)",
				);
				GCC_WARN_64_TO_32_BIT_CONVERSION = YES;
				GCC_WARN_ABOUT_RETURN_TYPE = YES_ERROR;
				GCC_WARN_UNDECLARED_SELECTOR = YES;
				GCC_WARN_UNINITIALIZED_AUTOS = YES_AGGRESSIVE;
				GCC_WARN_UNUSED_FUNCTION = YES;
				GCC_WARN_UNUSED_VARIABLE = YES;
				IPHONEOS_DEPLOYMENT_TARGET = 15.5;
				MTL_ENABLE_DEBUG_INFO = INCLUDE_SOURCE;
				MTL_FAST_MATH = YES;
				ONLY_ACTIVE_ARCH = YES;
				SDKROOT = iphoneos;
				SWIFT_ACTIVE_COMPILATION_CONDITIONS = DEBUG;
				SWIFT_OPTIMIZATION_LEVEL = "-Onone";
			};
			name = Debug;
		};
		84E486A128FF014A00C0A82D /* Release */ = {
			isa = XCBuildConfiguration;
			buildSettings = {
				ALWAYS_SEARCH_USER_PATHS = NO;
				CLANG_ANALYZER_NONNULL = YES;
				CLANG_ANALYZER_NUMBER_OBJECT_CONVERSION = YES_AGGRESSIVE;
				CLANG_CXX_LANGUAGE_STANDARD = "gnu++17";
				CLANG_ENABLE_MODULES = YES;
				CLANG_ENABLE_OBJC_ARC = YES;
				CLANG_ENABLE_OBJC_WEAK = YES;
				CLANG_WARN_BLOCK_CAPTURE_AUTORELEASING = YES;
				CLANG_WARN_BOOL_CONVERSION = YES;
				CLANG_WARN_COMMA = YES;
				CLANG_WARN_CONSTANT_CONVERSION = YES;
				CLANG_WARN_DEPRECATED_OBJC_IMPLEMENTATIONS = YES;
				CLANG_WARN_DIRECT_OBJC_ISA_USAGE = YES_ERROR;
				CLANG_WARN_DOCUMENTATION_COMMENTS = YES;
				CLANG_WARN_EMPTY_BODY = YES;
				CLANG_WARN_ENUM_CONVERSION = YES;
				CLANG_WARN_INFINITE_RECURSION = YES;
				CLANG_WARN_INT_CONVERSION = YES;
				CLANG_WARN_NON_LITERAL_NULL_CONVERSION = YES;
				CLANG_WARN_OBJC_IMPLICIT_RETAIN_SELF = YES;
				CLANG_WARN_OBJC_LITERAL_CONVERSION = YES;
				CLANG_WARN_OBJC_ROOT_CLASS = YES_ERROR;
				CLANG_WARN_QUOTED_INCLUDE_IN_FRAMEWORK_HEADER = YES;
				CLANG_WARN_RANGE_LOOP_ANALYSIS = YES;
				CLANG_WARN_STRICT_PROTOTYPES = YES;
				CLANG_WARN_SUSPICIOUS_MOVE = YES;
				CLANG_WARN_UNGUARDED_AVAILABILITY = YES_AGGRESSIVE;
				CLANG_WARN_UNREACHABLE_CODE = YES;
				CLANG_WARN__DUPLICATE_METHOD_MATCH = YES;
				COPY_PHASE_STRIP = NO;
				DEBUG_INFORMATION_FORMAT = "dwarf-with-dsym";
				ENABLE_NS_ASSERTIONS = NO;
				ENABLE_STRICT_OBJC_MSGSEND = YES;
				GCC_C_LANGUAGE_STANDARD = gnu11;
				GCC_NO_COMMON_BLOCKS = YES;
				GCC_WARN_64_TO_32_BIT_CONVERSION = YES;
				GCC_WARN_ABOUT_RETURN_TYPE = YES_ERROR;
				GCC_WARN_UNDECLARED_SELECTOR = YES;
				GCC_WARN_UNINITIALIZED_AUTOS = YES_AGGRESSIVE;
				GCC_WARN_UNUSED_FUNCTION = YES;
				GCC_WARN_UNUSED_VARIABLE = YES;
				IPHONEOS_DEPLOYMENT_TARGET = 15.5;
				MTL_ENABLE_DEBUG_INFO = NO;
				MTL_FAST_MATH = YES;
				SDKROOT = iphoneos;
				SWIFT_COMPILATION_MODE = wholemodule;
				SWIFT_OPTIMIZATION_LEVEL = "-O";
				VALIDATE_PRODUCT = YES;
			};
			name = Release;
		};
		84E486A328FF014A00C0A82D /* Debug */ = {
			isa = XCBuildConfiguration;
			baseConfigurationReference = 8C50478D2523834EA95B2260 /* Pods-UnitTest.debug.xcconfig */;
			buildSettings = {
				ASSETCATALOG_COMPILER_APPICON_NAME = AppIcon;
				ASSETCATALOG_COMPILER_GLOBAL_ACCENT_COLOR_NAME = AccentColor;
				CODE_SIGN_STYLE = Automatic;
				CURRENT_PROJECT_VERSION = 1;
				DEVELOPMENT_TEAM = CFVH3G334D;
				GENERATE_INFOPLIST_FILE = YES;
				INFOPLIST_FILE = UnitTest/Info.plist;
				INFOPLIST_KEY_UIApplicationSupportsIndirectInputEvents = YES;
				INFOPLIST_KEY_UILaunchStoryboardName = LaunchScreen;
				INFOPLIST_KEY_UIMainStoryboardFile = Main;
				INFOPLIST_KEY_UISupportedInterfaceOrientations_iPad = "UIInterfaceOrientationPortrait UIInterfaceOrientationPortraitUpsideDown UIInterfaceOrientationLandscapeLeft UIInterfaceOrientationLandscapeRight";
				INFOPLIST_KEY_UISupportedInterfaceOrientations_iPhone = "UIInterfaceOrientationPortrait UIInterfaceOrientationLandscapeLeft UIInterfaceOrientationLandscapeRight";
				LD_RUNPATH_SEARCH_PATHS = (
					"$(inherited)",
					"@executable_path/Frameworks",
				);
				MARKETING_VERSION = 1.0;
				PRODUCT_BUNDLE_IDENTIFIER = com.sumeyyekilicoglu.UnitTest;
				PRODUCT_NAME = "$(TARGET_NAME)";
				SWIFT_EMIT_LOC_STRINGS = YES;
				SWIFT_VERSION = 5.0;
				TARGETED_DEVICE_FAMILY = "1,2";
			};
			name = Debug;
		};
		84E486A428FF014A00C0A82D /* Release */ = {
			isa = XCBuildConfiguration;
			baseConfigurationReference = A26B90F1E76EE8827A171FF8 /* Pods-UnitTest.release.xcconfig */;
			buildSettings = {
				ASSETCATALOG_COMPILER_APPICON_NAME = AppIcon;
				ASSETCATALOG_COMPILER_GLOBAL_ACCENT_COLOR_NAME = AccentColor;
				CODE_SIGN_STYLE = Automatic;
				CURRENT_PROJECT_VERSION = 1;
				DEVELOPMENT_TEAM = CFVH3G334D;
				GENERATE_INFOPLIST_FILE = YES;
				INFOPLIST_FILE = UnitTest/Info.plist;
				INFOPLIST_KEY_UIApplicationSupportsIndirectInputEvents = YES;
				INFOPLIST_KEY_UILaunchStoryboardName = LaunchScreen;
				INFOPLIST_KEY_UIMainStoryboardFile = Main;
				INFOPLIST_KEY_UISupportedInterfaceOrientations_iPad = "UIInterfaceOrientationPortrait UIInterfaceOrientationPortraitUpsideDown UIInterfaceOrientationLandscapeLeft UIInterfaceOrientationLandscapeRight";
				INFOPLIST_KEY_UISupportedInterfaceOrientations_iPhone = "UIInterfaceOrientationPortrait UIInterfaceOrientationLandscapeLeft UIInterfaceOrientationLandscapeRight";
				LD_RUNPATH_SEARCH_PATHS = (
					"$(inherited)",
					"@executable_path/Frameworks",
				);
				MARKETING_VERSION = 1.0;
				PRODUCT_BUNDLE_IDENTIFIER = com.sumeyyekilicoglu.UnitTest;
				PRODUCT_NAME = "$(TARGET_NAME)";
				SWIFT_EMIT_LOC_STRINGS = YES;
				SWIFT_VERSION = 5.0;
				TARGETED_DEVICE_FAMILY = "1,2";
			};
			name = Release;
		};
		84E486A628FF014A00C0A82D /* Debug */ = {
			isa = XCBuildConfiguration;
			baseConfigurationReference = E2431B284724C6F35784E780 /* Pods-UnitTestTests.debug.xcconfig */;
			buildSettings = {
				ALWAYS_EMBED_SWIFT_STANDARD_LIBRARIES = YES;
				BUNDLE_LOADER = "$(TEST_HOST)";
				CODE_SIGN_STYLE = Automatic;
				CURRENT_PROJECT_VERSION = 1;
				DEVELOPMENT_TEAM = CFVH3G334D;
				GENERATE_INFOPLIST_FILE = YES;
				IPHONEOS_DEPLOYMENT_TARGET = 15.5;
				MARKETING_VERSION = 1.0;
				PRODUCT_BUNDLE_IDENTIFIER = com.sumeyyekilicoglu.UnitTestTests;
				PRODUCT_NAME = "$(TARGET_NAME)";
				SWIFT_EMIT_LOC_STRINGS = NO;
				SWIFT_VERSION = 5.0;
				TARGETED_DEVICE_FAMILY = "1,2";
				TEST_HOST = "$(BUILT_PRODUCTS_DIR)/UnitTest.app/UnitTest";
			};
			name = Debug;
		};
		84E486A728FF014A00C0A82D /* Release */ = {
			isa = XCBuildConfiguration;
			baseConfigurationReference = 1F513C2520ECBC50D236AA63 /* Pods-UnitTestTests.release.xcconfig */;
			buildSettings = {
				ALWAYS_EMBED_SWIFT_STANDARD_LIBRARIES = YES;
				BUNDLE_LOADER = "$(TEST_HOST)";
				CODE_SIGN_STYLE = Automatic;
				CURRENT_PROJECT_VERSION = 1;
				DEVELOPMENT_TEAM = CFVH3G334D;
				GENERATE_INFOPLIST_FILE = YES;
				IPHONEOS_DEPLOYMENT_TARGET = 15.5;
				MARKETING_VERSION = 1.0;
				PRODUCT_BUNDLE_IDENTIFIER = com.sumeyyekilicoglu.UnitTestTests;
				PRODUCT_NAME = "$(TARGET_NAME)";
				SWIFT_EMIT_LOC_STRINGS = NO;
				SWIFT_VERSION = 5.0;
				TARGETED_DEVICE_FAMILY = "1,2";
				TEST_HOST = "$(BUILT_PRODUCTS_DIR)/UnitTest.app/UnitTest";
			};
			name = Release;
		};
		84E486A928FF014A00C0A82D /* Debug */ = {
			isa = XCBuildConfiguration;
			baseConfigurationReference = 3C6FDA63901476233D3B1DFC /* Pods-UnitTest-UnitTestUITests.debug.xcconfig */;
			buildSettings = {
				ALWAYS_EMBED_SWIFT_STANDARD_LIBRARIES = YES;
				CODE_SIGN_STYLE = Automatic;
				CURRENT_PROJECT_VERSION = 1;
				DEVELOPMENT_TEAM = CFVH3G334D;
				GENERATE_INFOPLIST_FILE = YES;
				MARKETING_VERSION = 1.0;
				PRODUCT_BUNDLE_IDENTIFIER = com.sumeyyekilicoglu.UnitTestUITests;
				PRODUCT_NAME = "$(TARGET_NAME)";
				SWIFT_EMIT_LOC_STRINGS = NO;
				SWIFT_VERSION = 5.0;
				TARGETED_DEVICE_FAMILY = "1,2";
				TEST_TARGET_NAME = UnitTest;
			};
			name = Debug;
		};
		84E486AA28FF014A00C0A82D /* Release */ = {
			isa = XCBuildConfiguration;
			baseConfigurationReference = 7BDC11C123E85B3CA27CA7BE /* Pods-UnitTest-UnitTestUITests.release.xcconfig */;
			buildSettings = {
				ALWAYS_EMBED_SWIFT_STANDARD_LIBRARIES = YES;
				CODE_SIGN_STYLE = Automatic;
				CURRENT_PROJECT_VERSION = 1;
				DEVELOPMENT_TEAM = CFVH3G334D;
				GENERATE_INFOPLIST_FILE = YES;
				MARKETING_VERSION = 1.0;
				PRODUCT_BUNDLE_IDENTIFIER = com.sumeyyekilicoglu.UnitTestUITests;
				PRODUCT_NAME = "$(TARGET_NAME)";
				SWIFT_EMIT_LOC_STRINGS = NO;
				SWIFT_VERSION = 5.0;
				TARGETED_DEVICE_FAMILY = "1,2";
				TEST_TARGET_NAME = UnitTest;
			};
			name = Release;
		};
/* End XCBuildConfiguration section */

/* Begin XCConfigurationList section */
		84E4867328FF014900C0A82D /* Build configuration list for PBXProject "UnitTest" */ = {
			isa = XCConfigurationList;
			buildConfigurations = (
				84E486A028FF014A00C0A82D /* Debug */,
				84E486A128FF014A00C0A82D /* Release */,
			);
			defaultConfigurationIsVisible = 0;
			defaultConfigurationName = Release;
		};
		84E486A228FF014A00C0A82D /* Build configuration list for PBXNativeTarget "UnitTest" */ = {
			isa = XCConfigurationList;
			buildConfigurations = (
				84E486A328FF014A00C0A82D /* Debug */,
				84E486A428FF014A00C0A82D /* Release */,
			);
			defaultConfigurationIsVisible = 0;
			defaultConfigurationName = Release;
		};
		84E486A528FF014A00C0A82D /* Build configuration list for PBXNativeTarget "UnitTestTests" */ = {
			isa = XCConfigurationList;
			buildConfigurations = (
				84E486A628FF014A00C0A82D /* Debug */,
				84E486A728FF014A00C0A82D /* Release */,
			);
			defaultConfigurationIsVisible = 0;
			defaultConfigurationName = Release;
		};
		84E486A828FF014A00C0A82D /* Build configuration list for PBXNativeTarget "UnitTestUITests" */ = {
			isa = XCConfigurationList;
			buildConfigurations = (
				84E486A928FF014A00C0A82D /* Debug */,
				84E486AA28FF014A00C0A82D /* Release */,
			);
			defaultConfigurationIsVisible = 0;
			defaultConfigurationName = Release;
		};
/* End XCConfigurationList section */
	};
	rootObject = 84E4867028FF014900C0A82D /* Project object */;
}
